
Microsoft Visual Studio Solution File, Format Version 12.00
# Visual Studio Version 16
VisualStudioVersion = 16.0.30621.155
MinimumVisualStudioVersion = 10.0.40219.1
Project("{FAE04EC0-301F-11D3-BF4B-00C04F79EFBC}") = "ModelViewer1", "ModelViewer1\ModelViewer1.csproj", "{BEEE8E17-2658-41BE-855E-955455C8F1F9}"
EndProject
Global
	GlobalSection(SolutionConfigurationPlatforms) = preSolution
		Debug|Any CPU = Debug|Any CPU
		Release|Any CPU = Release|Any CPU
	EndGlobalSection
	GlobalSection(ProjectConfigurationPlatforms) = postSolution
		{BEEE8E17-2658-41BE-855E-955455C8F1F9}.Debug|Any CPU.ActiveCfg = Debug|Any CPU
		{BEEE8E17-2658-41BE-855E-955455C8F1F9}.Debug|Any CPU.Build.0 = Debug|Any CPU
		{BEEE8E17-2658-41BE-855E-955455C8F1F9}.Release|Any CPU.ActiveCfg = Release|Any CPU
		{BEEE8E17-2658-41BE-855E-955455C8F1F9}.Release|Any CPU.Build.0 = Release|Any CPU
	EndGlobalSection
	GlobalSection(SolutionProperties) = preSolution
		HideSolutionNode = FALSE
	EndGlobalSection
	GlobalSection(ExtensibilityGlobals) = postSolution
		SolutionGuid = {7FD2BDC6-C1F6-4B6C-BDC3-3777F979E0B2}
	EndGlobalSection
EndGlobal
